{
  "name": "@lerna-poc/analytics-spa",
  "version": "1.0.10",
  "lockfileVersion": 1,
  "requires": true,
  "dependencies": {
    "@lerna-poc/analytics-common": {
      "version": "1.0.8"
    },
    "@lerna-poc/analytics-ui": {
      "version": "1.0.9",
      "requires": {
        "@lerna-poc/analytics-common": "1.0.8"
      },
      "dependencies": {
        "@lerna-poc/analytics-common": {
          "version": "1.0.8",
          "bundled": true
        }
      }
    }
  }
}
