{
  "requires": true,
  "lockfileVersion": 1,
  "dependencies": {
    "@lerna-poc/analytics-common": {
      "version": "file:../common"
    },
    "@lerna-poc/analytics-ui": {
      "version": "file:../ui",
      "requires": {
        "@lerna-poc/analytics-common": "file:../common"
      },
      "dependencies": {
        "@lerna-poc/analytics-common": {
          "version": "file:../common",
          "bundled": true
        }
      }
    }
  }
}
